// !$*UTF8*$!
{
	archiveVersion = 1;
	classes = {
	};
	objectVersion = 54;
	objects = {

/* Begin PBXBuildFile section */
		00E356F31AD99517003FC87E /* DoyufTests.m in Sources */ = {isa = PBXBuildFile; fileRef = 00E356F21AD99517003FC87E /* DoyufTests.m */; };
		0C80B921A6F3F58F76C31292 /* libPods-Doyuf.a in Frameworks */ = {isa = PBXBuildFile; fileRef = 5DCACB8F33CDC322A6C60F78 /* libPods-Doyuf.a */; };
		13B07FBC1A68108700A75B9A /* AppDelegate.mm in Sources */ = {isa = PBXBuildFile; fileRef = 13B07FB01A68108700A75B9A /* AppDelegate.mm */; };
		13B07FBF1A68108700A75B9A /* Images.xcassets in Resources */ = {isa = PBXBuildFile; fileRef = 13B07FB51A68108700A75B9A /* Images.xcassets */; };
		13B07FC11A68108700A75B9A /* main.m in Sources */ = {isa = PBXBuildFile; fileRef = 13B07FB71A68108700A75B9A /* main.m */; };
		7699B88040F8A987B510C191 /* libPods-Doyuf-DoyufTests.a in Frameworks */ = {isa = PBXBuildFile; fileRef = 19F6CBCC0A4E27FBF8BF4A61 /* libPods-Doyuf-DoyufTests.a */; };
		81AB9BB82411601600AC10FF /* LaunchScreen.storyboard in Resources */ = {isa = PBXBuildFile; fileRef = 81AB9BB72411601600AC10FF /* LaunchScreen.storyboard */; };
		43351316ED01439FA1F4E27F /* AvenirNextLTPro-Bold.otf in Resources */ = {isa = PBXBuildFile; fileRef = 3D6445FDE3F841CEAF6707B6 /* AvenirNextLTPro-Bold.otf */; };
		BEF90905405C4972974D2DD5 /* AvenirNextLTPro-BoldCn.otf in Resources */ = {isa = PBXBuildFile; fileRef = D5A26776AC5B4ABBBC596EC1 /* AvenirNextLTPro-BoldCn.otf */; };
		7B6888E30114437FA567303E /* AvenirNextLTPro-Cn.otf in Resources */ = {isa = PBXBuildFile; fileRef = 3D01D7DBFE674C9F8F2EEBA9 /* AvenirNextLTPro-Cn.otf */; };
		0F72C351C7FE47EDA6353CC2 /* AvenirNextLTPro-BoldCnIt.otf in Resources */ = {isa = PBXBuildFile; fileRef = A5C1E21E458C4812B08DB283 /* AvenirNextLTPro-BoldCnIt.otf */; };
		3BA0A23771A8460EB7AB61C0 /* AvenirNextLTPro-BoldIt.otf in Resources */ = {isa = PBXBuildFile; fileRef = 52BD024DB06D4E969F7D4EA6 /* AvenirNextLTPro-BoldIt.otf */; };
		4EAC4F5F5FAD438C9F51E474 /* AvenirNextLTPro-CnIt.otf in Resources */ = {isa = PBXBuildFile; fileRef = B6B44E398D9C4974BB0E5A46 /* AvenirNextLTPro-CnIt.otf */; };
		36B40FE27B394528AC6173FE /* AvenirNextLTPro-Demi.otf in Resources */ = {isa = PBXBuildFile; fileRef = 85C2AFABE91F4EBD9408C84E /* AvenirNextLTPro-Demi.otf */; };
		65F1C70B1511486B82AEA396 /* AvenirNextLTPro-DemiCn.otf in Resources */ = {isa = PBXBuildFile; fileRef = CA39A2C943214D88BDBB02C1 /* AvenirNextLTPro-DemiCn.otf */; };
		B6B38257AA7645AC87B7838F /* AvenirNextLTPro-DemiCnIt.otf in Resources */ = {isa = PBXBuildFile; fileRef = B3130DC2C4C040CAA4131753 /* AvenirNextLTPro-DemiCnIt.otf */; };
		9F1AAE1AFB7845E1A5F18B6A /* AvenirNextLTPro-DemiIt.otf in Resources */ = {isa = PBXBuildFile; fileRef = 92EE25F480B14FD6A3B5D431 /* AvenirNextLTPro-DemiIt.otf */; };
		538DCDA24385492BBE2985C6 /* AvenirNextLTPro-Heavy.otf in Resources */ = {isa = PBXBuildFile; fileRef = D3DC14296EBF46EEB55A6CB5 /* AvenirNextLTPro-Heavy.otf */; };
		65474304B5834D6EBC67EE69 /* AvenirNextLTPro-HeavyCn.otf in Resources */ = {isa = PBXBuildFile; fileRef = DB22E7D5F91845EDA532B162 /* AvenirNextLTPro-HeavyCn.otf */; };
		5D9192817A83407CBC475D72 /* AvenirNextLTPro-HeavyCnIt.otf in Resources */ = {isa = PBXBuildFile; fileRef = 643A167F88C2460981B88C98 /* AvenirNextLTPro-HeavyCnIt.otf */; };
		CB67866778694FD2AE9A2719 /* AvenirNextLTPro-HeavyIt.otf in Resources */ = {isa = PBXBuildFile; fileRef = 51EDDC2E302640C2BD238213 /* AvenirNextLTPro-HeavyIt.otf */; };
		BF73F64B4623421699DB01B1 /* AvenirNextLTPro-It.otf in Resources */ = {isa = PBXBuildFile; fileRef = 11CA48F806A645D7BF88696C /* AvenirNextLTPro-It.otf */; };
		4ABCE6C88B7E4486B1AC97C0 /* AvenirNextLTPro-Medium.otf in Resources */ = {isa = PBXBuildFile; fileRef = 2A37DB65421447A6A490D880 /* AvenirNextLTPro-Medium.otf */; };
		1C774B08A0364A3D8A7A5386 /* AvenirNextLTPro-MediumCn.otf in Resources */ = {isa = PBXBuildFile; fileRef = 0A3163FAD5A54ACFA9BE7E30 /* AvenirNextLTPro-MediumCn.otf */; };
		AD5DCC8D9DC34D4F97E4B887 /* AvenirNextLTPro-MediumCnIt.otf in Resources */ = {isa = PBXBuildFile; fileRef = E4D2D9C48985479EA337671A /* AvenirNextLTPro-MediumCnIt.otf */; };
		8CD7D19B4C1742FB9D019D98 /* AvenirNextLTPro-MediumIt.otf in Resources */ = {isa = PBXBuildFile; fileRef = CCA1DF6CF32A4995B1FF4367 /* AvenirNextLTPro-MediumIt.otf */; };
		3079CB5C57814C3DAE861B13 /* AvenirNextLTPro-Regular.otf in Resources */ = {isa = PBXBuildFile; fileRef = 8A8AF0A58D494EEBB077F455 /* AvenirNextLTPro-Regular.otf */; };
		FED02F33D8CA4909B2A1A77E /* AvenirNextLTPro-UltLt.otf in Resources */ = {isa = PBXBuildFile; fileRef = 7279F32E5A59445187240677 /* AvenirNextLTPro-UltLt.otf */; };
		56703E9C7C594AA299565B29 /* AvenirNextLTPro-UltLtCn.otf in Resources */ = {isa = PBXBuildFile; fileRef = 801BC881408843F4A6AE0189 /* AvenirNextLTPro-UltLtCn.otf */; };
		52D3ECF6E28941A8B0DC84C8 /* AvenirNextLTPro-UltLtCnIt.otf in Resources */ = {isa = PBXBuildFile; fileRef = 64D5DE55E0F7422697CF4807 /* AvenirNextLTPro-UltLtCnIt.otf */; };
		4FF9CF5A0400493D8CFAD855 /* AvenirNextLTPro-UltLtIt.otf in Resources */ = {isa = PBXBuildFile; fileRef = 3E5ED0BDC6414275BF78E2D3 /* AvenirNextLTPro-UltLtIt.otf */; };
		8DA2F0303AD94E58BE6B9721 /* AvenirPro.zip in Resources */ = {isa = PBXBuildFile; fileRef = 8A7EB3D198854FE6AFA10BE0 /* AvenirPro.zip */; };
		9F2FC941AD6F42B4916DC4B4 /* Read Me.txt in Resources */ = {isa = PBXBuildFile; fileRef = 6E5A449902124A258E5E006B /* Read Me.txt */; };
		7AB8E4D82CBB49AD999EE3CE /* www.dfonts.org.url in Resources */ = {isa = PBXBuildFile; fileRef = CA275B16854941ED93DA88B9 /* www.dfonts.org.url */; };
/* End PBXBuildFile section */

/* Begin PBXContainerItemProxy section */
		00E356F41AD99517003FC87E /* PBXContainerItemProxy */ = {
			isa = PBXContainerItemProxy;
			containerPortal = 83CBB9F71A601CBA00E9B192 /* Project object */;
			proxyType = 1;
			remoteGlobalIDString = 13B07F861A680F5B00A75B9A;
			remoteInfo = Doyuf;
		};
/* End PBXContainerItemProxy section */

/* Begin PBXFileReference section */
		00E356EE1AD99517003FC87E /* DoyufTests.xctest */ = {isa = PBXFileReference; explicitFileType = wrapper.cfbundle; includeInIndex = 0; path = DoyufTests.xctest; sourceTree = BUILT_PRODUCTS_DIR; };
		00E356F11AD99517003FC87E /* Info.plist */ = {isa = PBXFileReference; lastKnownFileType = text.plist.xml; path = Info.plist; sourceTree = "<group>"; };
		00E356F21AD99517003FC87E /* DoyufTests.m */ = {isa = PBXFileReference; lastKnownFileType = sourcecode.c.objc; path = DoyufTests.m; sourceTree = "<group>"; };
		13B07F961A680F5B00A75B9A /* Doyuf.app */ = {isa = PBXFileReference; explicitFileType = wrapper.application; includeInIndex = 0; path = Doyuf.app; sourceTree = BUILT_PRODUCTS_DIR; };
		13B07FAF1A68108700A75B9A /* AppDelegate.h */ = {isa = PBXFileReference; fileEncoding = 4; lastKnownFileType = sourcecode.c.h; name = AppDelegate.h; path = Doyuf/AppDelegate.h; sourceTree = "<group>"; };
		13B07FB01A68108700A75B9A /* AppDelegate.mm */ = {isa = PBXFileReference; fileEncoding = 4; lastKnownFileType = sourcecode.cpp.objcpp; name = AppDelegate.mm; path = Doyuf/AppDelegate.mm; sourceTree = "<group>"; };
		13B07FB51A68108700A75B9A /* Images.xcassets */ = {isa = PBXFileReference; lastKnownFileType = folder.assetcatalog; name = Images.xcassets; path = Doyuf/Images.xcassets; sourceTree = "<group>"; };
		13B07FB61A68108700A75B9A /* Info.plist */ = {isa = PBXFileReference; fileEncoding = 4; lastKnownFileType = text.plist.xml; name = Info.plist; path = Doyuf/Info.plist; sourceTree = "<group>"; };
		13B07FB71A68108700A75B9A /* main.m */ = {isa = PBXFileReference; fileEncoding = 4; lastKnownFileType = sourcecode.c.objc; name = main.m; path = Doyuf/main.m; sourceTree = "<group>"; };
		19F6CBCC0A4E27FBF8BF4A61 /* libPods-Doyuf-DoyufTests.a */ = {isa = PBXFileReference; explicitFileType = archive.ar; includeInIndex = 0; path = "libPods-Doyuf-DoyufTests.a"; sourceTree = BUILT_PRODUCTS_DIR; };
		3B4392A12AC88292D35C810B /* Pods-Doyuf.debug.xcconfig */ = {isa = PBXFileReference; includeInIndex = 1; lastKnownFileType = text.xcconfig; name = "Pods-Doyuf.debug.xcconfig"; path = "Target Support Files/Pods-Doyuf/Pods-Doyuf.debug.xcconfig"; sourceTree = "<group>"; };
		5709B34CF0A7D63546082F79 /* Pods-Doyuf.release.xcconfig */ = {isa = PBXFileReference; includeInIndex = 1; lastKnownFileType = text.xcconfig; name = "Pods-Doyuf.release.xcconfig"; path = "Target Support Files/Pods-Doyuf/Pods-Doyuf.release.xcconfig"; sourceTree = "<group>"; };
		5B7EB9410499542E8C5724F5 /* Pods-Doyuf-DoyufTests.debug.xcconfig */ = {isa = PBXFileReference; includeInIndex = 1; lastKnownFileType = text.xcconfig; name = "Pods-Doyuf-DoyufTests.debug.xcconfig"; path = "Target Support Files/Pods-Doyuf-DoyufTests/Pods-Doyuf-DoyufTests.debug.xcconfig"; sourceTree = "<group>"; };
		5DCACB8F33CDC322A6C60F78 /* libPods-Doyuf.a */ = {isa = PBXFileReference; explicitFileType = archive.ar; includeInIndex = 0; path = "libPods-Doyuf.a"; sourceTree = BUILT_PRODUCTS_DIR; };
		81AB9BB72411601600AC10FF /* LaunchScreen.storyboard */ = {isa = PBXFileReference; fileEncoding = 4; lastKnownFileType = file.storyboard; name = LaunchScreen.storyboard; path = Doyuf/LaunchScreen.storyboard; sourceTree = "<group>"; };
		89C6BE57DB24E9ADA2F236DE /* Pods-Doyuf-DoyufTests.release.xcconfig */ = {isa = PBXFileReference; includeInIndex = 1; lastKnownFileType = text.xcconfig; name = "Pods-Doyuf-DoyufTests.release.xcconfig"; path = "Target Support Files/Pods-Doyuf-DoyufTests/Pods-Doyuf-DoyufTests.release.xcconfig"; sourceTree = "<group>"; };
		ED297162215061F000B7C4FE /* JavaScriptCore.framework */ = {isa = PBXFileReference; lastKnownFileType = wrapper.framework; name = JavaScriptCore.framework; path = System/Library/Frameworks/JavaScriptCore.framework; sourceTree = SDKROOT; };
		3D6445FDE3F841CEAF6707B6 /* AvenirNextLTPro-Bold.otf */ = {isa = PBXFileReference; name = "AvenirNextLTPro-Bold.otf"; path = "../src/assets/fonts/AvenirNextLTPro-Bold.otf"; sourceTree = "<group>"; fileEncoding = undefined; lastKnownFileType = unknown; explicitFileType = undefined; includeInIndex = 0; };
		D5A26776AC5B4ABBBC596EC1 /* AvenirNextLTPro-BoldCn.otf */ = {isa = PBXFileReference; name = "AvenirNextLTPro-BoldCn.otf"; path = "../src/assets/fonts/AvenirNextLTPro-BoldCn.otf"; sourceTree = "<group>"; fileEncoding = undefined; lastKnownFileType = unknown; explicitFileType = undefined; includeInIndex = 0; };
		3D01D7DBFE674C9F8F2EEBA9 /* AvenirNextLTPro-Cn.otf */ = {isa = PBXFileReference; name = "AvenirNextLTPro-Cn.otf"; path = "../src/assets/fonts/AvenirNextLTPro-Cn.otf"; sourceTree = "<group>"; fileEncoding = undefined; lastKnownFileType = unknown; explicitFileType = undefined; includeInIndex = 0; };
		A5C1E21E458C4812B08DB283 /* AvenirNextLTPro-BoldCnIt.otf */ = {isa = PBXFileReference; name = "AvenirNextLTPro-BoldCnIt.otf"; path = "../src/assets/fonts/Avenir_Next_Pro/AvenirNextLTPro-BoldCnIt.otf"; sourceTree = "<group>"; fileEncoding = undefined; lastKnownFileType = unknown; explicitFileType = undefined; includeInIndex = 0; };
		52BD024DB06D4E969F7D4EA6 /* AvenirNextLTPro-BoldIt.otf */ = {isa = PBXFileReference; name = "AvenirNextLTPro-BoldIt.otf"; path = "../src/assets/fonts/Avenir_Next_Pro/AvenirNextLTPro-BoldIt.otf"; sourceTree = "<group>"; fileEncoding = undefined; lastKnownFileType = unknown; explicitFileType = undefined; includeInIndex = 0; };
		B6B44E398D9C4974BB0E5A46 /* AvenirNextLTPro-CnIt.otf */ = {isa = PBXFileReference; name = "AvenirNextLTPro-CnIt.otf"; path = "../src/assets/fonts/Avenir_Next_Pro/AvenirNextLTPro-CnIt.otf"; sourceTree = "<group>"; fileEncoding = undefined; lastKnownFileType = unknown; explicitFileType = undefined; includeInIndex = 0; };
		85C2AFABE91F4EBD9408C84E /* AvenirNextLTPro-Demi.otf */ = {isa = PBXFileReference; name = "AvenirNextLTPro-Demi.otf"; path = "../src/assets/fonts/Avenir_Next_Pro/AvenirNextLTPro-Demi.otf"; sourceTree = "<group>"; fileEncoding = undefined; lastKnownFileType = unknown; explicitFileType = undefined; includeInIndex = 0; };
		CA39A2C943214D88BDBB02C1 /* AvenirNextLTPro-DemiCn.otf */ = {isa = PBXFileReference; name = "AvenirNextLTPro-DemiCn.otf"; path = "../src/assets/fonts/Avenir_Next_Pro/AvenirNextLTPro-DemiCn.otf"; sourceTree = "<group>"; fileEncoding = undefined; lastKnownFileType = unknown; explicitFileType = undefined; includeInIndex = 0; };
		B3130DC2C4C040CAA4131753 /* AvenirNextLTPro-DemiCnIt.otf */ = {isa = PBXFileReference; name = "AvenirNextLTPro-DemiCnIt.otf"; path = "../src/assets/fonts/Avenir_Next_Pro/AvenirNextLTPro-DemiCnIt.otf"; sourceTree = "<group>"; fileEncoding = undefined; lastKnownFileType = unknown; explicitFileType = undefined; includeInIndex = 0; };
		92EE25F480B14FD6A3B5D431 /* AvenirNextLTPro-DemiIt.otf */ = {isa = PBXFileReference; name = "AvenirNextLTPro-DemiIt.otf"; path = "../src/assets/fonts/Avenir_Next_Pro/AvenirNextLTPro-DemiIt.otf"; sourceTree = "<group>"; fileEncoding = undefined; lastKnownFileType = unknown; explicitFileType = undefined; includeInIndex = 0; };
		D3DC14296EBF46EEB55A6CB5 /* AvenirNextLTPro-Heavy.otf */ = {isa = PBXFileReference; name = "AvenirNextLTPro-Heavy.otf"; path = "../src/assets/fonts/Avenir_Next_Pro/AvenirNextLTPro-Heavy.otf"; sourceTree = "<group>"; fileEncoding = undefined; lastKnownFileType = unknown; explicitFileType = undefined; includeInIndex = 0; };
		DB22E7D5F91845EDA532B162 /* AvenirNextLTPro-HeavyCn.otf */ = {isa = PBXFileReference; name = "AvenirNextLTPro-HeavyCn.otf"; path = "../src/assets/fonts/Avenir_Next_Pro/AvenirNextLTPro-HeavyCn.otf"; sourceTree = "<group>"; fileEncoding = undefined; lastKnownFileType = unknown; explicitFileType = undefined; includeInIndex = 0; };
		643A167F88C2460981B88C98 /* AvenirNextLTPro-HeavyCnIt.otf */ = {isa = PBXFileReference; name = "AvenirNextLTPro-HeavyCnIt.otf"; path = "../src/assets/fonts/Avenir_Next_Pro/AvenirNextLTPro-HeavyCnIt.otf"; sourceTree = "<group>"; fileEncoding = undefined; lastKnownFileType = unknown; explicitFileType = undefined; includeInIndex = 0; };
		51EDDC2E302640C2BD238213 /* AvenirNextLTPro-HeavyIt.otf */ = {isa = PBXFileReference; name = "AvenirNextLTPro-HeavyIt.otf"; path = "../src/assets/fonts/Avenir_Next_Pro/AvenirNextLTPro-HeavyIt.otf"; sourceTree = "<group>"; fileEncoding = undefined; lastKnownFileType = unknown; explicitFileType = undefined; includeInIndex = 0; };
		11CA48F806A645D7BF88696C /* AvenirNextLTPro-It.otf */ = {isa = PBXFileReference; name = "AvenirNextLTPro-It.otf"; path = "../src/assets/fonts/Avenir_Next_Pro/AvenirNextLTPro-It.otf"; sourceTree = "<group>"; fileEncoding = undefined; lastKnownFileType = unknown; explicitFileType = undefined; includeInIndex = 0; };
		2A37DB65421447A6A490D880 /* AvenirNextLTPro-Medium.otf */ = {isa = PBXFileReference; name = "AvenirNextLTPro-Medium.otf"; path = "../src/assets/fonts/Avenir_Next_Pro/AvenirNextLTPro-Medium.otf"; sourceTree = "<group>"; fileEncoding = undefined; lastKnownFileType = unknown; explicitFileType = undefined; includeInIndex = 0; };
		0A3163FAD5A54ACFA9BE7E30 /* AvenirNextLTPro-MediumCn.otf */ = {isa = PBXFileReference; name = "AvenirNextLTPro-MediumCn.otf"; path = "../src/assets/fonts/Avenir_Next_Pro/AvenirNextLTPro-MediumCn.otf"; sourceTree = "<group>"; fileEncoding = undefined; lastKnownFileType = unknown; explicitFileType = undefined; includeInIndex = 0; };
		E4D2D9C48985479EA337671A /* AvenirNextLTPro-MediumCnIt.otf */ = {isa = PBXFileReference; name = "AvenirNextLTPro-MediumCnIt.otf"; path = "../src/assets/fonts/Avenir_Next_Pro/AvenirNextLTPro-MediumCnIt.otf"; sourceTree = "<group>"; fileEncoding = undefined; lastKnownFileType = unknown; explicitFileType = undefined; includeInIndex = 0; };
		CCA1DF6CF32A4995B1FF4367 /* AvenirNextLTPro-MediumIt.otf */ = {isa = PBXFileReference; name = "AvenirNextLTPro-MediumIt.otf"; path = "../src/assets/fonts/Avenir_Next_Pro/AvenirNextLTPro-MediumIt.otf"; sourceTree = "<group>"; fileEncoding = undefined; lastKnownFileType = unknown; explicitFileType = undefined; includeInIndex = 0; };
		8A8AF0A58D494EEBB077F455 /* AvenirNextLTPro-Regular.otf */ = {isa = PBXFileReference; name = "AvenirNextLTPro-Regular.otf"; path = "../src/assets/fonts/Avenir_Next_Pro/AvenirNextLTPro-Regular.otf"; sourceTree = "<group>"; fileEncoding = undefined; lastKnownFileType = unknown; explicitFileType = undefined; includeInIndex = 0; };
		7279F32E5A59445187240677 /* AvenirNextLTPro-UltLt.otf */ = {isa = PBXFileReference; name = "AvenirNextLTPro-UltLt.otf"; path = "../src/assets/fonts/Avenir_Next_Pro/AvenirNextLTPro-UltLt.otf"; sourceTree = "<group>"; fileEncoding = undefined; lastKnownFileType = unknown; explicitFileType = undefined; includeInIndex = 0; };
		801BC881408843F4A6AE0189 /* AvenirNextLTPro-UltLtCn.otf */ = {isa = PBXFileReference; name = "AvenirNextLTPro-UltLtCn.otf"; path = "../src/assets/fonts/Avenir_Next_Pro/AvenirNextLTPro-UltLtCn.otf"; sourceTree = "<group>"; fileEncoding = undefined; lastKnownFileType = unknown; explicitFileType = undefined; includeInIndex = 0; };
		64D5DE55E0F7422697CF4807 /* AvenirNextLTPro-UltLtCnIt.otf */ = {isa = PBXFileReference; name = "AvenirNextLTPro-UltLtCnIt.otf"; path = "../src/assets/fonts/Avenir_Next_Pro/AvenirNextLTPro-UltLtCnIt.otf"; sourceTree = "<group>"; fileEncoding = undefined; lastKnownFileType = unknown; explicitFileType = undefined; includeInIndex = 0; };
		3E5ED0BDC6414275BF78E2D3 /* AvenirNextLTPro-UltLtIt.otf */ = {isa = PBXFileReference; name = "AvenirNextLTPro-UltLtIt.otf"; path = "../src/assets/fonts/Avenir_Next_Pro/AvenirNextLTPro-UltLtIt.otf"; sourceTree = "<group>"; fileEncoding = undefined; lastKnownFileType = unknown; explicitFileType = undefined; includeInIndex = 0; };
		8A7EB3D198854FE6AFA10BE0 /* AvenirPro.zip */ = {isa = PBXFileReference; name = "AvenirPro.zip"; path = "../src/assets/fonts/AvenirPro.zip"; sourceTree = "<group>"; fileEncoding = undefined; lastKnownFileType = unknown; explicitFileType = undefined; includeInIndex = 0; };
		6E5A449902124A258E5E006B /* Read Me.txt */ = {isa = PBXFileReference; name = "Read Me.txt"; path = "../src/assets/fonts/Avenir_Next_Pro/Read Me.txt"; sourceTree = "<group>"; fileEncoding = undefined; lastKnownFileType = unknown; explicitFileType = undefined; includeInIndex = 0; };
		CA275B16854941ED93DA88B9 /* www.dfonts.org.url */ = {isa = PBXFileReference; name = "www.dfonts.org.url"; path = "../src/assets/fonts/Avenir_Next_Pro/www.dfonts.org.url"; sourceTree = "<group>"; fileEncoding = undefined; lastKnownFileType = unknown; explicitFileType = undefined; includeInIndex = 0; };
/* End PBXFileReference section */

/* Begin PBXFrameworksBuildPhase section */
		00E356EB1AD99517003FC87E /* Frameworks */ = {
			isa = PBXFrameworksBuildPhase;
			buildActionMask = 2147483647;
			files = (
				7699B88040F8A987B510C191 /* libPods-Doyuf-DoyufTests.a in Frameworks */,
			);
			runOnlyForDeploymentPostprocessing = 0;
		};
		13B07F8C1A680F5B00A75B9A /* Frameworks */ = {
			isa = PBXFrameworksBuildPhase;
			buildActionMask = 2147483647;
			files = (
				0C80B921A6F3F58F76C31292 /* libPods-Doyuf.a in Frameworks */,
			);
			runOnlyForDeploymentPostprocessing = 0;
		};
/* End PBXFrameworksBuildPhase section */

/* Begin PBXGroup section */
		00E356EF1AD99517003FC87E /* DoyufTests */ = {
			isa = PBXGroup;
			children = (
				00E356F21AD99517003FC87E /* DoyufTests.m */,
				00E356F01AD99517003FC87E /* Supporting Files */,
			);
			path = DoyufTests;
			sourceTree = "<group>";
		};
		00E356F01AD99517003FC87E /* Supporting Files */ = {
			isa = PBXGroup;
			children = (
				00E356F11AD99517003FC87E /* Info.plist */,
			);
			name = "Supporting Files";
			sourceTree = "<group>";
		};
		13B07FAE1A68108700A75B9A /* Doyuf */ = {
			isa = PBXGroup;
			children = (
				13B07FAF1A68108700A75B9A /* AppDelegate.h */,
				13B07FB01A68108700A75B9A /* AppDelegate.mm */,
				13B07FB51A68108700A75B9A /* Images.xcassets */,
				13B07FB61A68108700A75B9A /* Info.plist */,
				81AB9BB72411601600AC10FF /* LaunchScreen.storyboard */,
				13B07FB71A68108700A75B9A /* main.m */,
			);
			name = Doyuf;
			sourceTree = "<group>";
		};
		2D16E6871FA4F8E400B85C8A /* Frameworks */ = {
			isa = PBXGroup;
			children = (
				ED297162215061F000B7C4FE /* JavaScriptCore.framework */,
				5DCACB8F33CDC322A6C60F78 /* libPods-Doyuf.a */,
				19F6CBCC0A4E27FBF8BF4A61 /* libPods-Doyuf-DoyufTests.a */,
			);
			name = Frameworks;
			sourceTree = "<group>";
		};
		832341AE1AAA6A7D00B99B32 /* Libraries */ = {
			isa = PBXGroup;
			children = (
			);
			name = Libraries;
			sourceTree = "<group>";
		};
		83CBB9F61A601CBA00E9B192 = {
			isa = PBXGroup;
			children = (
				13B07FAE1A68108700A75B9A /* Doyuf */,
				832341AE1AAA6A7D00B99B32 /* Libraries */,
				00E356EF1AD99517003FC87E /* DoyufTests */,
				83CBBA001A601CBA00E9B192 /* Products */,
				2D16E6871FA4F8E400B85C8A /* Frameworks */,
				BBD78D7AC51CEA395F1C20DB /* Pods */,
				6B8280370D3240F78582AE6A /* Resources */,
			);
			indentWidth = 2;
			sourceTree = "<group>";
			tabWidth = 2;
			usesTabs = 0;
		};
		83CBBA001A601CBA00E9B192 /* Products */ = {
			isa = PBXGroup;
			children = (
				13B07F961A680F5B00A75B9A /* Doyuf.app */,
				00E356EE1AD99517003FC87E /* DoyufTests.xctest */,
			);
			name = Products;
			sourceTree = "<group>";
		};
		BBD78D7AC51CEA395F1C20DB /* Pods */ = {
			isa = PBXGroup;
			children = (
				3B4392A12AC88292D35C810B /* Pods-Doyuf.debug.xcconfig */,
				5709B34CF0A7D63546082F79 /* Pods-Doyuf.release.xcconfig */,
				5B7EB9410499542E8C5724F5 /* Pods-Doyuf-DoyufTests.debug.xcconfig */,
				89C6BE57DB24E9ADA2F236DE /* Pods-Doyuf-DoyufTests.release.xcconfig */,
			);
			path = Pods;
			sourceTree = "<group>";
		};
		6B8280370D3240F78582AE6A /* Resources */ = {
			isa = "PBXGroup";
			children = (
				3D6445FDE3F841CEAF6707B6 /* AvenirNextLTPro-Bold.otf */,
				D5A26776AC5B4ABBBC596EC1 /* AvenirNextLTPro-BoldCn.otf */,
				3D01D7DBFE674C9F8F2EEBA9 /* AvenirNextLTPro-Cn.otf */,
				A5C1E21E458C4812B08DB283 /* AvenirNextLTPro-BoldCnIt.otf */,
				52BD024DB06D4E969F7D4EA6 /* AvenirNextLTPro-BoldIt.otf */,
				B6B44E398D9C4974BB0E5A46 /* AvenirNextLTPro-CnIt.otf */,
				85C2AFABE91F4EBD9408C84E /* AvenirNextLTPro-Demi.otf */,
				CA39A2C943214D88BDBB02C1 /* AvenirNextLTPro-DemiCn.otf */,
				B3130DC2C4C040CAA4131753 /* AvenirNextLTPro-DemiCnIt.otf */,
				92EE25F480B14FD6A3B5D431 /* AvenirNextLTPro-DemiIt.otf */,
				D3DC14296EBF46EEB55A6CB5 /* AvenirNextLTPro-Heavy.otf */,
				DB22E7D5F91845EDA532B162 /* AvenirNextLTPro-HeavyCn.otf */,
				643A167F88C2460981B88C98 /* AvenirNextLTPro-HeavyCnIt.otf */,
				51EDDC2E302640C2BD238213 /* AvenirNextLTPro-HeavyIt.otf */,
				11CA48F806A645D7BF88696C /* AvenirNextLTPro-It.otf */,
				2A37DB65421447A6A490D880 /* AvenirNextLTPro-Medium.otf */,
				0A3163FAD5A54ACFA9BE7E30 /* AvenirNextLTPro-MediumCn.otf */,
				E4D2D9C48985479EA337671A /* AvenirNextLTPro-MediumCnIt.otf */,
				CCA1DF6CF32A4995B1FF4367 /* AvenirNextLTPro-MediumIt.otf */,
				8A8AF0A58D494EEBB077F455 /* AvenirNextLTPro-Regular.otf */,
				7279F32E5A59445187240677 /* AvenirNextLTPro-UltLt.otf */,
				801BC881408843F4A6AE0189 /* AvenirNextLTPro-UltLtCn.otf */,
				64D5DE55E0F7422697CF4807 /* AvenirNextLTPro-UltLtCnIt.otf */,
				3E5ED0BDC6414275BF78E2D3 /* AvenirNextLTPro-UltLtIt.otf */,
				8A7EB3D198854FE6AFA10BE0 /* AvenirPro.zip */,
				6E5A449902124A258E5E006B /* Read Me.txt */,
				CA275B16854941ED93DA88B9 /* www.dfonts.org.url */,
			);
			name = Resources;
			sourceTree = "<group>";
			path = "";
		};
/* End PBXGroup section */

/* Begin PBXNativeTarget section */
		00E356ED1AD99517003FC87E /* DoyufTests */ = {
			isa = PBXNativeTarget;
			buildConfigurationList = 00E357021AD99517003FC87E /* Build configuration list for PBXNativeTarget "DoyufTests" */;
			buildPhases = (
				A55EABD7B0C7F3A422A6CC61 /* [CP] Check Pods Manifest.lock */,
				00E356EA1AD99517003FC87E /* Sources */,
				00E356EB1AD99517003FC87E /* Frameworks */,
				00E356EC1AD99517003FC87E /* Resources */,
				C59DA0FBD6956966B86A3779 /* [CP] Embed Pods Frameworks */,
				F6A41C54EA430FDDC6A6ED99 /* [CP] Copy Pods Resources */,
			);
			buildRules = (
			);
			dependencies = (
				00E356F51AD99517003FC87E /* PBXTargetDependency */,
			);
			name = DoyufTests;
			productName = DoyufTests;
			productReference = 00E356EE1AD99517003FC87E /* DoyufTests.xctest */;
			productType = "com.apple.product-type.bundle.unit-test";
		};
		13B07F861A680F5B00A75B9A /* Doyuf */ = {
			isa = PBXNativeTarget;
			buildConfigurationList = 13B07F931A680F5B00A75B9A /* Build configuration list for PBXNativeTarget "Doyuf" */;
			buildPhases = (
				C38B50BA6285516D6DCD4F65 /* [CP] Check Pods Manifest.lock */,
				FD10A7F022414F080027D42C /* Start Packager */,
				13B07F871A680F5B00A75B9A /* Sources */,
				13B07F8C1A680F5B00A75B9A /* Frameworks */,
				13B07F8E1A680F5B00A75B9A /* Resources */,
				00DD1BFF1BD5951E006B06BC /* Bundle React Native code and images */,
				00EEFC60759A1932668264C0 /* [CP] Embed Pods Frameworks */,
				E235C05ADACE081382539298 /* [CP] Copy Pods Resources */,
			);
			buildRules = (
			);
			dependencies = (
			);
			name = Doyuf;
			productName = Doyuf;
			productReference = 13B07F961A680F5B00A75B9A /* Doyuf.app */;
			productType = "com.apple.product-type.application";
		};
/* End PBXNativeTarget section */

/* Begin PBXProject section */
		83CBB9F71A601CBA00E9B192 /* Project object */ = {
			isa = PBXProject;
			attributes = {
				LastUpgradeCheck = 1210;
				TargetAttributes = {
					00E356ED1AD99517003FC87E = {
						CreatedOnToolsVersion = 6.2;
						TestTargetID = 13B07F861A680F5B00A75B9A;
					};
					13B07F861A680F5B00A75B9A = {
						LastSwiftMigration = 1120;
					};
				};
			};
			buildConfigurationList = 83CBB9FA1A601CBA00E9B192 /* Build configuration list for PBXProject "Doyuf" */;
			compatibilityVersion = "Xcode 12.0";
			developmentRegion = en;
			hasScannedForEncodings = 0;
			knownRegions = (
				en,
				Base,
			);
			mainGroup = 83CBB9F61A601CBA00E9B192;
			productRefGroup = 83CBBA001A601CBA00E9B192 /* Products */;
			projectDirPath = "";
			projectRoot = "";
			targets = (
				13B07F861A680F5B00A75B9A /* Doyuf */,
				00E356ED1AD99517003FC87E /* DoyufTests */,
			);
		};
/* End PBXProject section */

/* Begin PBXResourcesBuildPhase section */
		00E356EC1AD99517003FC87E /* Resources */ = {
			isa = PBXResourcesBuildPhase;
			buildActionMask = 2147483647;
			files = (
			);
			runOnlyForDeploymentPostprocessing = 0;
		};
		13B07F8E1A680F5B00A75B9A /* Resources */ = {
			isa = PBXResourcesBuildPhase;
			buildActionMask = 2147483647;
			files = (
				81AB9BB82411601600AC10FF /* LaunchScreen.storyboard in Resources */,
				13B07FBF1A68108700A75B9A /* Images.xcassets in Resources */,
				43351316ED01439FA1F4E27F /* AvenirNextLTPro-Bold.otf in Resources */,
				BEF90905405C4972974D2DD5 /* AvenirNextLTPro-BoldCn.otf in Resources */,
				7B6888E30114437FA567303E /* AvenirNextLTPro-Cn.otf in Resources */,
				0F72C351C7FE47EDA6353CC2 /* AvenirNextLTPro-BoldCnIt.otf in Resources */,
				3BA0A23771A8460EB7AB61C0 /* AvenirNextLTPro-BoldIt.otf in Resources */,
				4EAC4F5F5FAD438C9F51E474 /* AvenirNextLTPro-CnIt.otf in Resources */,
				36B40FE27B394528AC6173FE /* AvenirNextLTPro-Demi.otf in Resources */,
				65F1C70B1511486B82AEA396 /* AvenirNextLTPro-DemiCn.otf in Resources */,
				B6B38257AA7645AC87B7838F /* AvenirNextLTPro-DemiCnIt.otf in Resources */,
				9F1AAE1AFB7845E1A5F18B6A /* AvenirNextLTPro-DemiIt.otf in Resources */,
				538DCDA24385492BBE2985C6 /* AvenirNextLTPro-Heavy.otf in Resources */,
				65474304B5834D6EBC67EE69 /* AvenirNextLTPro-HeavyCn.otf in Resources */,
				5D9192817A83407CBC475D72 /* AvenirNextLTPro-HeavyCnIt.otf in Resources */,
				CB67866778694FD2AE9A2719 /* AvenirNextLTPro-HeavyIt.otf in Resources */,
				BF73F64B4623421699DB01B1 /* AvenirNextLTPro-It.otf in Resources */,
				4ABCE6C88B7E4486B1AC97C0 /* AvenirNextLTPro-Medium.otf in Resources */,
				1C774B08A0364A3D8A7A5386 /* AvenirNextLTPro-MediumCn.otf in Resources */,
				AD5DCC8D9DC34D4F97E4B887 /* AvenirNextLTPro-MediumCnIt.otf in Resources */,
				8CD7D19B4C1742FB9D019D98 /* AvenirNextLTPro-MediumIt.otf in Resources */,
				3079CB5C57814C3DAE861B13 /* AvenirNextLTPro-Regular.otf in Resources */,
				FED02F33D8CA4909B2A1A77E /* AvenirNextLTPro-UltLt.otf in Resources */,
				56703E9C7C594AA299565B29 /* AvenirNextLTPro-UltLtCn.otf in Resources */,
				52D3ECF6E28941A8B0DC84C8 /* AvenirNextLTPro-UltLtCnIt.otf in Resources */,
				4FF9CF5A0400493D8CFAD855 /* AvenirNextLTPro-UltLtIt.otf in Resources */,
				8DA2F0303AD94E58BE6B9721 /* AvenirPro.zip in Resources */,
				9F2FC941AD6F42B4916DC4B4 /* Read Me.txt in Resources */,
				7AB8E4D82CBB49AD999EE3CE /* www.dfonts.org.url in Resources */,
			);
			runOnlyForDeploymentPostprocessing = 0;
		};
/* End PBXResourcesBuildPhase section */

/* Begin PBXShellScriptBuildPhase section */
		00DD1BFF1BD5951E006B06BC /* Bundle React Native code and images */ = {
			isa = PBXShellScriptBuildPhase;
			buildActionMask = 2147483647;
			files = (
			);
			inputPaths = (
				"$(SRCROOT)/.xcode.env.local",
				"$(SRCROOT)/.xcode.env",
			);
			name = "Bundle React Native code and images";
			outputPaths = (
			);
			runOnlyForDeploymentPostprocessing = 0;
			shellPath = /bin/sh;
			shellScript = "set -e\n\nWITH_ENVIRONMENT=\"../node_modules/react-native/scripts/xcode/with-environment.sh\"\nREACT_NATIVE_XCODE=\"../node_modules/react-native/scripts/react-native-xcode.sh\"\n\n/bin/sh -c \"$WITH_ENVIRONMENT $REACT_NATIVE_XCODE\"\n";
		};
		00EEFC60759A1932668264C0 /* [CP] Embed Pods Frameworks */ = {
			isa = PBXShellScriptBuildPhase;
			buildActionMask = 2147483647;
			files = (
			);
			inputFileListPaths = (
				"${PODS_ROOT}/Target Support Files/Pods-Doyuf/Pods-Doyuf-frameworks-${CONFIGURATION}-input-files.xcfilelist",
			);
			name = "[CP] Embed Pods Frameworks";
			outputFileListPaths = (
				"${PODS_ROOT}/Target Support Files/Pods-Doyuf/Pods-Doyuf-frameworks-${CONFIGURATION}-output-files.xcfilelist",
			);
			runOnlyForDeploymentPostprocessing = 0;
			shellPath = /bin/sh;
			shellScript = "\"${PODS_ROOT}/Target Support Files/Pods-Doyuf/Pods-Doyuf-frameworks.sh\"\n";
			showEnvVarsInLog = 0;
		};
		A55EABD7B0C7F3A422A6CC61 /* [CP] Check Pods Manifest.lock */ = {
			isa = PBXShellScriptBuildPhase;
			buildActionMask = 2147483647;
			files = (
			);
			inputFileListPaths = (
			);
			inputPaths = (
				"${PODS_PODFILE_DIR_PATH}/Podfile.lock",
				"${PODS_ROOT}/Manifest.lock",
			);
			name = "[CP] Check Pods Manifest.lock";
			outputFileListPaths = (
			);
			outputPaths = (
				"$(DERIVED_FILE_DIR)/Pods-Doyuf-DoyufTests-checkManifestLockResult.txt",
			);
			runOnlyForDeploymentPostprocessing = 0;
			shellPath = /bin/sh;
			shellScript = "diff \"${PODS_PODFILE_DIR_PATH}/Podfile.lock\" \"${PODS_ROOT}/Manifest.lock\" > /dev/null\nif [ $? != 0 ] ; then\n    # print error to STDERR\n    echo \"error: The sandbox is not in sync with the Podfile.lock. Run 'pod install' or update your CocoaPods installation.\" >&2\n    exit 1\nfi\n# This output is used by Xcode 'outputs' to avoid re-running this script phase.\necho \"SUCCESS\" > \"${SCRIPT_OUTPUT_FILE_0}\"\n";
			showEnvVarsInLog = 0;
		};
		C38B50BA6285516D6DCD4F65 /* [CP] Check Pods Manifest.lock */ = {
			isa = PBXShellScriptBuildPhase;
			buildActionMask = 2147483647;
			files = (
			);
			inputFileListPaths = (
			);
			inputPaths = (
				"${PODS_PODFILE_DIR_PATH}/Podfile.lock",
				"${PODS_ROOT}/Manifest.lock",
			);
			name = "[CP] Check Pods Manifest.lock";
			outputFileListPaths = (
			);
			outputPaths = (
				"$(DERIVED_FILE_DIR)/Pods-Doyuf-checkManifestLockResult.txt",
			);
			runOnlyForDeploymentPostprocessing = 0;
			shellPath = /bin/sh;
			shellScript = "diff \"${PODS_PODFILE_DIR_PATH}/Podfile.lock\" \"${PODS_ROOT}/Manifest.lock\" > /dev/null\nif [ $? != 0 ] ; then\n    # print error to STDERR\n    echo \"error: The sandbox is not in sync with the Podfile.lock. Run 'pod install' or update your CocoaPods installation.\" >&2\n    exit 1\nfi\n# This output is used by Xcode 'outputs' to avoid re-running this script phase.\necho \"SUCCESS\" > \"${SCRIPT_OUTPUT_FILE_0}\"\n";
			showEnvVarsInLog = 0;
		};
		C59DA0FBD6956966B86A3779 /* [CP] Embed Pods Frameworks */ = {
			isa = PBXShellScriptBuildPhase;
			buildActionMask = 2147483647;
			files = (
			);
			inputFileListPaths = (
				"${PODS_ROOT}/Target Support Files/Pods-Doyuf-DoyufTests/Pods-Doyuf-DoyufTests-frameworks-${CONFIGURATION}-input-files.xcfilelist",
			);
			name = "[CP] Embed Pods Frameworks";
			outputFileListPaths = (
				"${PODS_ROOT}/Target Support Files/Pods-Doyuf-DoyufTests/Pods-Doyuf-DoyufTests-frameworks-${CONFIGURATION}-output-files.xcfilelist",
			);
			runOnlyForDeploymentPostprocessing = 0;
			shellPath = /bin/sh;
			shellScript = "\"${PODS_ROOT}/Target Support Files/Pods-Doyuf-DoyufTests/Pods-Doyuf-DoyufTests-frameworks.sh\"\n";
			showEnvVarsInLog = 0;
		};
		E235C05ADACE081382539298 /* [CP] Copy Pods Resources */ = {
			isa = PBXShellScriptBuildPhase;
			buildActionMask = 2147483647;
			files = (
			);
			inputFileListPaths = (
				"${PODS_ROOT}/Target Support Files/Pods-Doyuf/Pods-Doyuf-resources-${CONFIGURATION}-input-files.xcfilelist",
			);
			name = "[CP] Copy Pods Resources";
			outputFileListPaths = (
				"${PODS_ROOT}/Target Support Files/Pods-Doyuf/Pods-Doyuf-resources-${CONFIGURATION}-output-files.xcfilelist",
			);
			runOnlyForDeploymentPostprocessing = 0;
			shellPath = /bin/sh;
			shellScript = "\"${PODS_ROOT}/Target Support Files/Pods-Doyuf/Pods-Doyuf-resources.sh\"\n";
			showEnvVarsInLog = 0;
		};
		F6A41C54EA430FDDC6A6ED99 /* [CP] Copy Pods Resources */ = {
			isa = PBXShellScriptBuildPhase;
			buildActionMask = 2147483647;
			files = (
			);
			inputFileListPaths = (
				"${PODS_ROOT}/Target Support Files/Pods-Doyuf-DoyufTests/Pods-Doyuf-DoyufTests-resources-${CONFIGURATION}-input-files.xcfilelist",
			);
			name = "[CP] Copy Pods Resources";
			outputFileListPaths = (
				"${PODS_ROOT}/Target Support Files/Pods-Doyuf-DoyufTests/Pods-Doyuf-DoyufTests-resources-${CONFIGURATION}-output-files.xcfilelist",
			);
			runOnlyForDeploymentPostprocessing = 0;
			shellPath = /bin/sh;
			shellScript = "\"${PODS_ROOT}/Target Support Files/Pods-Doyuf-DoyufTests/Pods-Doyuf-DoyufTests-resources.sh\"\n";
			showEnvVarsInLog = 0;
		};
		FD10A7F022414F080027D42C /* Start Packager */ = {
			isa = PBXShellScriptBuildPhase;
			buildActionMask = 2147483647;
			files = (
			);
			inputFileListPaths = (
			);
			inputPaths = (
			);
			name = "Start Packager";
			outputFileListPaths = (
			);
			outputPaths = (
			);
			runOnlyForDeploymentPostprocessing = 0;
			shellPath = /bin/sh;
			shellScript = "export RCT_METRO_PORT=\"${RCT_METRO_PORT:=8081}\"\necho \"export RCT_METRO_PORT=${RCT_METRO_PORT}\" > \"${SRCROOT}/../node_modules/react-native/scripts/.packager.env\"\nif [ -z \"${RCT_NO_LAUNCH_PACKAGER+xxx}\" ] ; then\n  if nc -w 5 -z localhost ${RCT_METRO_PORT} ; then\n    if ! curl -s \"http://localhost:${RCT_METRO_PORT}/status\" | grep -q \"packager-status:running\" ; then\n      echo \"Port ${RCT_METRO_PORT} already in use, packager is either not running or not running correctly\"\n      exit 2\n    fi\n  else\n    open \"$SRCROOT/../node_modules/react-native/scripts/launchPackager.command\" || echo \"Can't start packager automatically\"\n  fi\nfi\n";
			showEnvVarsInLog = 0;
		};
/* End PBXShellScriptBuildPhase section */

/* Begin PBXSourcesBuildPhase section */
		00E356EA1AD99517003FC87E /* Sources */ = {
			isa = PBXSourcesBuildPhase;
			buildActionMask = 2147483647;
			files = (
				00E356F31AD99517003FC87E /* DoyufTests.m in Sources */,
			);
			runOnlyForDeploymentPostprocessing = 0;
		};
		13B07F871A680F5B00A75B9A /* Sources */ = {
			isa = PBXSourcesBuildPhase;
			buildActionMask = 2147483647;
			files = (
				13B07FBC1A68108700A75B9A /* AppDelegate.mm in Sources */,
				13B07FC11A68108700A75B9A /* main.m in Sources */,
			);
			runOnlyForDeploymentPostprocessing = 0;
		};
/* End PBXSourcesBuildPhase section */

/* Begin PBXTargetDependency section */
		00E356F51AD99517003FC87E /* PBXTargetDependency */ = {
			isa = PBXTargetDependency;
			target = 13B07F861A680F5B00A75B9A /* Doyuf */;
			targetProxy = 00E356F41AD99517003FC87E /* PBXContainerItemProxy */;
		};
/* End PBXTargetDependency section */

/* Begin XCBuildConfiguration section */
		00E356F61AD99517003FC87E /* Debug */ = {
			isa = XCBuildConfiguration;
			baseConfigurationReference = 5B7EB9410499542E8C5724F5 /* Pods-Doyuf-DoyufTests.debug.xcconfig */;
			buildSettings = {
				BUNDLE_LOADER = "$(TEST_HOST)";
				GCC_PREPROCESSOR_DEFINITIONS = (
					"DEBUG=1",
					"$(inherited)",
				);
				INFOPLIST_FILE = DoyufTests/Info.plist;
				IPHONEOS_DEPLOYMENT_TARGET = 12.4;
				LD_RUNPATH_SEARCH_PATHS = (
					"$(inherited)",
					"@executable_path/Frameworks",
					"@loader_path/Frameworks",
				);
				OTHER_LDFLAGS = (
					"-ObjC",
					"-lc++",
					"$(inherited)",
				);
				PRODUCT_BUNDLE_IDENTIFIER = "org.reactjs.native.example.$(PRODUCT_NAME:rfc1034identifier)";
				PRODUCT_NAME = "$(TARGET_NAME)";
				TEST_HOST = "$(BUILT_PRODUCTS_DIR)/Doyuf.app/Doyuf";
			};
			name = Debug;
		};
		00E356F71AD99517003FC87E /* Release */ = {
			isa = XCBuildConfiguration;
			baseConfigurationReference = 89C6BE57DB24E9ADA2F236DE /* Pods-Doyuf-DoyufTests.release.xcconfig */;
			buildSettings = {
				BUNDLE_LOADER = "$(TEST_HOST)";
				COPY_PHASE_STRIP = NO;
				INFOPLIST_FILE = DoyufTests/Info.plist;
				IPHONEOS_DEPLOYMENT_TARGET = 12.4;
				LD_RUNPATH_SEARCH_PATHS = (
					"$(inherited)",
					"@executable_path/Frameworks",
					"@loader_path/Frameworks",
				);
				OTHER_LDFLAGS = (
					"-ObjC",
					"-lc++",
					"$(inherited)",
				);
				PRODUCT_BUNDLE_IDENTIFIER = "org.reactjs.native.example.$(PRODUCT_NAME:rfc1034identifier)";
				PRODUCT_NAME = "$(TARGET_NAME)";
				TEST_HOST = "$(BUILT_PRODUCTS_DIR)/Doyuf.app/Doyuf";
			};
			name = Release;
		};
		13B07F941A680F5B00A75B9A /* Debug */ = {
			isa = XCBuildConfiguration;
			baseConfigurationReference = 3B4392A12AC88292D35C810B /* Pods-Doyuf.debug.xcconfig */;
			buildSettings = {
				ASSETCATALOG_COMPILER_APPICON_NAME = AppIcon;
				CLANG_ENABLE_MODULES = YES;
				CURRENT_PROJECT_VERSION = 1;
				ENABLE_BITCODE = NO;
				INFOPLIST_FILE = Doyuf/Info.plist;
				LD_RUNPATH_SEARCH_PATHS = (
					"$(inherited)",
					"@executable_path/Frameworks",
				);
				MARKETING_VERSION = 1.0;
				OTHER_LDFLAGS = (
					"$(inherited)",
					"-ObjC",
					"-lc++",
				);
				PRODUCT_BUNDLE_IDENTIFIER = "org.reactjs.native.example.$(PRODUCT_NAME:rfc1034identifier)";
				PRODUCT_NAME = Doyuf;
				SWIFT_OPTIMIZATION_LEVEL = "-Onone";
				SWIFT_VERSION = 5.0;
				VERSIONING_SYSTEM = "apple-generic";
			};
			name = Debug;
		};
		13B07F951A680F5B00A75B9A /* Release */ = {
			isa = XCBuildConfiguration;
			baseConfigurationReference = 5709B34CF0A7D63546082F79 /* Pods-Doyuf.release.xcconfig */;
			buildSettings = {
				ASSETCATALOG_COMPILER_APPICON_NAME = AppIcon;
				CLANG_ENABLE_MODULES = YES;
				CURRENT_PROJECT_VERSION = 1;
				INFOPLIST_FILE = Doyuf/Info.plist;
				LD_RUNPATH_SEARCH_PATHS = (
					"$(inherited)",
					"@executable_path/Frameworks",
				);
				MARKETING_VERSION = 1.0;
				OTHER_LDFLAGS = (
					"$(inherited)",
					"-ObjC",
					"-lc++",
				);
				PRODUCT_BUNDLE_IDENTIFIER = "org.reactjs.native.example.$(PRODUCT_NAME:rfc1034identifier)";
				PRODUCT_NAME = Doyuf;
				SWIFT_VERSION = 5.0;
				VERSIONING_SYSTEM = "apple-generic";
			};
			name = Release;
		};
		83CBBA201A601CBA00E9B192 /* Debug */ = {
			isa = XCBuildConfiguration;
			buildSettings = {
				ALWAYS_SEARCH_USER_PATHS = NO;
				CLANG_ANALYZER_LOCALIZABILITY_NONLOCALIZED = YES;
				CLANG_CXX_LANGUAGE_STANDARD = "c++17";
				CLANG_CXX_LIBRARY = "libc++";
				CLANG_ENABLE_MODULES = YES;
				CLANG_ENABLE_OBJC_ARC = YES;
				CLANG_WARN_BLOCK_CAPTURE_AUTORELEASING = YES;
				CLANG_WARN_BOOL_CONVERSION = YES;
				CLANG_WARN_COMMA = YES;
				CLANG_WARN_CONSTANT_CONVERSION = YES;
				CLANG_WARN_DEPRECATED_OBJC_IMPLEMENTATIONS = YES;
				CLANG_WARN_DIRECT_OBJC_ISA_USAGE = YES_ERROR;
				CLANG_WARN_EMPTY_BODY = YES;
				CLANG_WARN_ENUM_CONVERSION = YES;
				CLANG_WARN_INFINITE_RECURSION = YES;
				CLANG_WARN_INT_CONVERSION = YES;
				CLANG_WARN_NON_LITERAL_NULL_CONVERSION = YES;
				CLANG_WARN_OBJC_IMPLICIT_RETAIN_SELF = YES;
				CLANG_WARN_OBJC_LITERAL_CONVERSION = YES;
				CLANG_WARN_OBJC_ROOT_CLASS = YES_ERROR;
				CLANG_WARN_QUOTED_INCLUDE_IN_FRAMEWORK_HEADER = YES;
				CLANG_WARN_RANGE_LOOP_ANALYSIS = YES;
				CLANG_WARN_STRICT_PROTOTYPES = YES;
				CLANG_WARN_SUSPICIOUS_MOVE = YES;
				CLANG_WARN_UNREACHABLE_CODE = YES;
				CLANG_WARN__DUPLICATE_METHOD_MATCH = YES;
				"CODE_SIGN_IDENTITY[sdk=iphoneos*]" = "iPhone Developer";
				COPY_PHASE_STRIP = NO;
				ENABLE_STRICT_OBJC_MSGSEND = YES;
				ENABLE_TESTABILITY = YES;
				"EXCLUDED_ARCHS[sdk=iphonesimulator*]" = "";
				GCC_C_LANGUAGE_STANDARD = gnu99;
				GCC_DYNAMIC_NO_PIC = NO;
				GCC_NO_COMMON_BLOCKS = YES;
				GCC_OPTIMIZATION_LEVEL = 0;
				GCC_PREPROCESSOR_DEFINITIONS = (
					"DEBUG=1",
					"$(inherited)",
				);
				GCC_SYMBOLS_PRIVATE_EXTERN = NO;
				GCC_WARN_64_TO_32_BIT_CONVERSION = YES;
				GCC_WARN_ABOUT_RETURN_TYPE = YES_ERROR;
				GCC_WARN_UNDECLARED_SELECTOR = YES;
				GCC_WARN_UNINITIALIZED_AUTOS = YES_AGGRESSIVE;
				GCC_WARN_UNUSED_FUNCTION = YES;
				GCC_WARN_UNUSED_VARIABLE = YES;
				IPHONEOS_DEPLOYMENT_TARGET = 12.4;
				LD_RUNPATH_SEARCH_PATHS = (
					/usr/lib/swift,
					"$(inherited)",
				);
				LIBRARY_SEARCH_PATHS = (
					"\"$(SDKROOT)/usr/lib/swift\"",
					"\"$(TOOLCHAIN_DIR)/usr/lib/swift/$(PLATFORM_NAME)\"",
					"\"$(inherited)\"",
				);
				MTL_ENABLE_DEBUG_INFO = YES;
				ONLY_ACTIVE_ARCH = YES;
				OTHER_CPLUSPLUSFLAGS = (
					"$(OTHER_CFLAGS)",
					"-DFOLLY_NO_CONFIG",
					"-DFOLLY_MOBILE=1",
					"-DFOLLY_USE_LIBCPP=1",
				);
				SDKROOT = iphoneos;
			};
			name = Debug;
		};
		83CBBA211A601CBA00E9B192 /* Release */ = {
			isa = XCBuildConfiguration;
			buildSettings = {
				ALWAYS_SEARCH_USER_PATHS = NO;
				CLANG_ANALYZER_LOCALIZABILITY_NONLOCALIZED = YES;
				CLANG_CXX_LANGUAGE_STANDARD = "c++17";
				CLANG_CXX_LIBRARY = "libc++";
				CLANG_ENABLE_MODULES = YES;
				CLANG_ENABLE_OBJC_ARC = YES;
				CLANG_WARN_BLOCK_CAPTURE_AUTORELEASING = YES;
				CLANG_WARN_BOOL_CONVERSION = YES;
				CLANG_WARN_COMMA = YES;
				CLANG_WARN_CONSTANT_CONVERSION = YES;
				CLANG_WARN_DEPRECATED_OBJC_IMPLEMENTATIONS = YES;
				CLANG_WARN_DIRECT_OBJC_ISA_USAGE = YES_ERROR;
				CLANG_WARN_EMPTY_BODY = YES;
				CLANG_WARN_ENUM_CONVERSION = YES;
				CLANG_WARN_INFINITE_RECURSION = YES;
				CLANG_WARN_INT_CONVERSION = YES;
				CLANG_WARN_NON_LITERAL_NULL_CONVERSION = YES;
				CLANG_WARN_OBJC_IMPLICIT_RETAIN_SELF = YES;
				CLANG_WARN_OBJC_LITERAL_CONVERSION = YES;
				CLANG_WARN_OBJC_ROOT_CLASS = YES_ERROR;
				CLANG_WARN_QUOTED_INCLUDE_IN_FRAMEWORK_HEADER = YES;
				CLANG_WARN_RANGE_LOOP_ANALYSIS = YES;
				CLANG_WARN_STRICT_PROTOTYPES = YES;
				CLANG_WARN_SUSPICIOUS_MOVE = YES;
				CLANG_WARN_UNREACHABLE_CODE = YES;
				CLANG_WARN__DUPLICATE_METHOD_MATCH = YES;
				"CODE_SIGN_IDENTITY[sdk=iphoneos*]" = "iPhone Developer";
				COPY_PHASE_STRIP = YES;
				ENABLE_NS_ASSERTIONS = NO;
				ENABLE_STRICT_OBJC_MSGSEND = YES;
				"EXCLUDED_ARCHS[sdk=iphonesimulator*]" = "";
				GCC_C_LANGUAGE_STANDARD = gnu99;
				GCC_NO_COMMON_BLOCKS = YES;
				GCC_WARN_64_TO_32_BIT_CONVERSION = YES;
				GCC_WARN_ABOUT_RETURN_TYPE = YES_ERROR;
				GCC_WARN_UNDECLARED_SELECTOR = YES;
				GCC_WARN_UNINITIALIZED_AUTOS = YES_AGGRESSIVE;
				GCC_WARN_UNUSED_FUNCTION = YES;
				GCC_WARN_UNUSED_VARIABLE = YES;
				IPHONEOS_DEPLOYMENT_TARGET = 12.4;
				LD_RUNPATH_SEARCH_PATHS = (
					/usr/lib/swift,
					"$(inherited)",
				);
				LIBRARY_SEARCH_PATHS = (
					"\"$(SDKROOT)/usr/lib/swift\"",
					"\"$(TOOLCHAIN_DIR)/usr/lib/swift/$(PLATFORM_NAME)\"",
					"\"$(inherited)\"",
				);
				MTL_ENABLE_DEBUG_INFO = NO;
				OTHER_CPLUSPLUSFLAGS = (
					"$(OTHER_CFLAGS)",
					"-DFOLLY_NO_CONFIG",
					"-DFOLLY_MOBILE=1",
					"-DFOLLY_USE_LIBCPP=1",
				);
				SDKROOT = iphoneos;
				VALIDATE_PRODUCT = YES;
			};
			name = Release;
		};
/* End XCBuildConfiguration section */

/* Begin XCConfigurationList section */
		00E357021AD99517003FC87E /* Build configuration list for PBXNativeTarget "DoyufTests" */ = {
			isa = XCConfigurationList;
			buildConfigurations = (
				00E356F61AD99517003FC87E /* Debug */,
				00E356F71AD99517003FC87E /* Release */,
			);
			defaultConfigurationIsVisible = 0;
			defaultConfigurationName = Release;
		};
		13B07F931A680F5B00A75B9A /* Build configuration list for PBXNativeTarget "Doyuf" */ = {
			isa = XCConfigurationList;
			buildConfigurations = (
				13B07F941A680F5B00A75B9A /* Debug */,
				13B07F951A680F5B00A75B9A /* Release */,
			);
			defaultConfigurationIsVisible = 0;
			defaultConfigurationName = Release;
		};
		83CBB9FA1A601CBA00E9B192 /* Build configuration list for PBXProject "Doyuf" */ = {
			isa = XCConfigurationList;
			buildConfigurations = (
				83CBBA201A601CBA00E9B192 /* Debug */,
				83CBBA211A601CBA00E9B192 /* Release */,
			);
			defaultConfigurationIsVisible = 0;
			defaultConfigurationName = Release;
		};
/* End XCConfigurationList section */
	};
	rootObject = 83CBB9F71A601CBA00E9B192 /* Project object */;
}
